
Microsoft Visual Studio Solution File, Format Version 12.00
# Visual Studio Version 17
VisualStudioVersion = 17.0.31903.59
MinimumVisualStudioVersion = 10.0.40219.1
Project("{2150E333-8FDC-42A3-9474-1A3956D46DE8}") = "src", "src", "{827E0CD3-B72D-47B6-A68D-7590B98EB39B}"
EndProject
Project("{FAE04EC0-301F-11D3-BF4B-00C04F79EFBC}") = "DiskSpaceInspector.App", "src\DiskSpaceInspector.App\DiskSpaceInspector.App.csproj", "{25E4546F-7A05-4E50-B891-F1A9E9D6752D}"
EndProject
Project("{FAE04EC0-301F-11D3-BF4B-00C04F79EFBC}") = "DiskSpaceInspector.Core", "src\DiskSpaceInspector.Core\DiskSpaceInspector.Core.csproj", "{11614BAB-173D-410A-9A56-2BE0A6804EA2}"
EndProject
Project("{FAE04EC0-301F-11D3-BF4B-00C04F79EFBC}") = "DiskSpaceInspector.Storage", "src\DiskSpaceInspector.Storage\DiskSpaceInspector.Storage.csproj", "{FF6AEA6C-3E38-4112-A9E9-12FBEA0778D8}"
EndProject
Project("{FAE04EC0-301F-11D3-BF4B-00C04F79EFBC}") = "DiskSpaceInspector.Tests", "tests\DiskSpaceInspector.Tests\DiskSpaceInspector.Tests.csproj", "{93FEB5B8-E31C-4577-9F62-9C7BDFED2BD7}"
EndProject
Global
	GlobalSection(SolutionConfigurationPlatforms) = preSolution
		Debug|Any CPU = Debug|Any CPU
		Debug|x64 = Debug|x64
		Debug|x86 = Debug|x86
		Release|Any CPU = Release|Any CPU
		Release|x64 = Release|x64
		Release|x86 = Release|x86
	EndGlobalSection
	GlobalSection(ProjectConfigurationPlatforms) = postSolution
		{25E4546F-7A05-4E50-B891-F1A9E9D6752D}.Debug|Any CPU.ActiveCfg = Debug|Any CPU
		{25E4546F-7A05-4E50-B891-F1A9E9D6752D}.Debug|Any CPU.Build.0 = Debug|Any CPU
		{25E4546F-7A05-4E50-B891-F1A9E9D6752D}.Debug|x64.ActiveCfg = Debug|Any CPU
		{25E4546F-7A05-4E50-B891-F1A9E9D6752D}.Debug|x64.Build.0 = Debug|Any CPU
		{25E4546F-7A05-4E50-B891-F1A9E9D6752D}.Debug|x86.ActiveCfg = Debug|Any CPU
		{25E4546F-7A05-4E50-B891-F1A9E9D6752D}.Debug|x86.Build.0 = Debug|Any CPU
		{25E4546F-7A05-4E50-B891-F1A9E9D6752D}.Release|Any CPU.ActiveCfg = Release|Any CPU
		{25E4546F-7A05-4E50-B891-F1A9E9D6752D}.Release|Any CPU.Build.0 = Release|Any CPU
		{25E4546F-7A05-4E50-B891-F1A9E9D6752D}.Release|x64.ActiveCfg = Release|Any CPU
		{25E4546F-7A05-4E50-B891-F1A9E9D6752D}.Release|x64.Build.0 = Release|Any CPU
		{25E4546F-7A05-4E50-B891-F1A9E9D6752D}.Release|x86.ActiveCfg = Release|Any CPU
		{25E4546F-7A05-4E50-B891-F1A9E9D6752D}.Release|x86.Build.0 = Release|Any CPU
		{11614BAB-173D-410A-9A56-2BE0A6804EA2}.Debug|Any CPU.ActiveCfg = Debug|Any CPU
		{11614BAB-173D-410A-9A56-2BE0A6804EA2}.Debug|Any CPU.Build.0 = Debug|Any CPU
		{11614BAB-173D-410A-9A56-2BE0A6804EA2}.Debug|x64.ActiveCfg = Debug|Any CPU
		{11614BAB-173D-410A-9A56-2BE0A6804EA2}.Debug|x64.Build.0 = Debug|Any CPU
		{11614BAB-173D-410A-9A56-2BE0A6804EA2}.Debug|x86.ActiveCfg = Debug|Any CPU
		{11614BAB-173D-410A-9A56-2BE0A6804EA2}.Debug|x86.Build.0 = Debug|Any CPU
		{11614BAB-173D-410A-9A56-2BE0A6804EA2}.Release|Any CPU.ActiveCfg = Release|Any CPU
		{11614BAB-173D-410A-9A56-2BE0A6804EA2}.Release|Any CPU.Build.0 = Release|Any CPU
		{11614BAB-173D-410A-9A56-2BE0A6804EA2}.Release|x64.ActiveCfg = Release|Any CPU
		{11614BAB-173D-410A-9A56-2BE0A6804EA2}.Release|x64.Build.0 = Release|Any CPU
		{11614BAB-173D-410A-9A56-2BE0A6804EA2}.Release|x86.ActiveCfg = Release|Any CPU
		{11614BAB-173D-410A-9A56-2BE0A6804EA2}.Release|x86.Build.0 = Release|Any CPU
		{FF6AEA6C-3E38-4112-A9E9-12FBEA0778D8}.Debug|Any CPU.ActiveCfg = Debug|Any CPU
		{FF6AEA6C-3E38-4112-A9E9-12FBEA0778D8}.Debug|Any CPU.Build.0 = Debug|Any CPU
		{FF6AEA6C-3E38-4112-A9E9-12FBEA0778D8}.Debug|x64.ActiveCfg = Debug|Any CPU
		{FF6AEA6C-3E38-4112-A9E9-12FBEA0778D8}.Debug|x64.Build.0 = Debug|Any CPU
		{FF6AEA6C-3E38-4112-A9E9-12FBEA0778D8}.Debug|x86.ActiveCfg = Debug|Any CPU
		{FF6AEA6C-3E38-4112-A9E9-12FBEA0778D8}.Debug|x86.Build.0 = Debug|Any CPU
		{FF6AEA6C-3E38-4112-A9E9-12FBEA0778D8}.Release|Any CPU.ActiveCfg = Release|Any CPU
		{FF6AEA6C-3E38-4112-A9E9-12FBEA0778D8}.Release|Any CPU.Build.0 = Release|Any CPU
		{FF6AEA6C-3E38-4112-A9E9-12FBEA0778D8}.Release|x64.ActiveCfg = Release|Any CPU
		{FF6AEA6C-3E38-4112-A9E9-12FBEA0778D8}.Release|x64.Build.0 = Release|Any CPU
		{FF6AEA6C-3E38-4112-A9E9-12FBEA0778D8}.Release|x86.ActiveCfg = Release|Any CPU
		{FF6AEA6C-3E38-4112-A9E9-12FBEA0778D8}.Release|x86.Build.0 = Release|Any CPU
		{93FEB5B8-E31C-4577-9F62-9C7BDFED2BD7}.Debug|Any CPU.ActiveCfg = Debug|Any CPU
		{93FEB5B8-E31C-4577-9F62-9C7BDFED2BD7}.Debug|Any CPU.Build.0 = Debug|Any CPU
		{93FEB5B8-E31C-4577-9F62-9C7BDFED2BD7}.Debug|x64.ActiveCfg = Debug|Any CPU
		{93FEB5B8-E31C-4577-9F62-9C7BDFED2BD7}.Debug|x64.Build.0 = Debug|Any CPU
		{93FEB5B8-E31C-4577-9F62-9C7BDFED2BD7}.Debug|x86.ActiveCfg = Debug|Any CPU
		{93FEB5B8-E31C-4577-9F62-9C7BDFED2BD7}.Debug|x86.Build.0 = Debug|Any CPU
		{93FEB5B8-E31C-4577-9F62-9C7BDFED2BD7}.Release|Any CPU.ActiveCfg = Release|Any CPU
		{93FEB5B8-E31C-4577-9F62-9C7BDFED2BD7}.Release|Any CPU.Build.0 = Release|Any CPU
		{93FEB5B8-E31C-4577-9F62-9C7BDFED2BD7}.Release|x64.ActiveCfg = Release|Any CPU
		{93FEB5B8-E31C-4577-9F62-9C7BDFED2BD7}.Release|x64.Build.0 = Release|Any CPU
		{93FEB5B8-E31C-4577-9F62-9C7BDFED2BD7}.Release|x86.ActiveCfg = Release|Any CPU
		{93FEB5B8-E31C-4577-9F62-9C7BDFED2BD7}.Release|x86.Build.0 = Release|Any CPU
	EndGlobalSection
	GlobalSection(SolutionProperties) = preSolution
		HideSolutionNode = FALSE
	EndGlobalSection
	GlobalSection(NestedProjects) = preSolution
		{25E4546F-7A05-4E50-B891-F1A9E9D6752D} = {827E0CD3-B72D-47B6-A68D-7590B98EB39B}
		{11614BAB-173D-410A-9A56-2BE0A6804EA2} = {827E0CD3-B72D-47B6-A68D-7590B98EB39B}
		{FF6AEA6C-3E38-4112-A9E9-12FBEA0778D8} = {827E0CD3-B72D-47B6-A68D-7590B98EB39B}
		{93FEB5B8-E31C-4577-9F62-9C7BDFED2BD7} = {827E0CD3-B72D-47B6-A68D-7590B98EB39B}
	EndGlobalSection
EndGlobal
